
Microsoft Visual Studio Solution File, Format Version 12.00
# Visual Studio 2015
Project("{FAE04EC0-301F-11D3-BF4B-00C04F79EFBC}") = "UNET fps.CSharp.Plugins", "UNET fps.CSharp.Plugins.csproj", "{04CF4006-ABE8-54E0-64EE-B3FEBB3F1940}"
EndProject
Project("{FAE04EC0-301F-11D3-BF4B-00C04F79EFBC}") = "UNET fps.CSharp", "UNET fps.CSharp.csproj", "{7C2ECFBB-D51D-733C-5F0C-10D179F90943}"
EndProject
Global
	GlobalSection(SolutionConfigurationPlatforms) = preSolution
		Debug|Any CPU = Debug|Any CPU
		Release|Any CPU = Release|Any CPU
	EndGlobalSection
	GlobalSection(ProjectConfigurationPlatforms) = postSolution
		{04CF4006-ABE8-54E0-64EE-B3FEBB3F1940}.Debug|Any CPU.ActiveCfg = Debug|Any CPU
		{04CF4006-ABE8-54E0-64EE-B3FEBB3F1940}.Debug|Any CPU.Build.0 = Debug|Any CPU
		{04CF4006-ABE8-54E0-64EE-B3FEBB3F1940}.Release|Any CPU.ActiveCfg = Release|Any CPU
		{04CF4006-ABE8-54E0-64EE-B3FEBB3F1940}.Release|Any CPU.Build.0 = Release|Any CPU
		{7C2ECFBB-D51D-733C-5F0C-10D179F90943}.Debug|Any CPU.ActiveCfg = Debug|Any CPU
		{7C2ECFBB-D51D-733C-5F0C-10D179F90943}.Debug|Any CPU.Build.0 = Debug|Any CPU
		{7C2ECFBB-D51D-733C-5F0C-10D179F90943}.Release|Any CPU.ActiveCfg = Release|Any CPU
		{7C2ECFBB-D51D-733C-5F0C-10D179F90943}.Release|Any CPU.Build.0 = Release|Any CPU
	EndGlobalSection
	GlobalSection(SolutionProperties) = preSolution
		HideSolutionNode = FALSE
	EndGlobalSection
EndGlobal
